
Microsoft Visual Studio Solution File, Format Version 12.00
# Visual Studio Version 16
VisualStudioVersion = 16.0.29318.209
MinimumVisualStudioVersion = 10.0.40219.1
Project("{FAE04EC0-301F-11D3-BF4B-00C04F79EFBC}") = "Mairegger.Printing", "Mairegger.Printing\Mairegger.Printing.csproj", "{0A7F0FD0-F7F4-415E-8494-E1CA351EF82F}"
EndProject
Project("{FAE04EC0-301F-11D3-BF4B-00C04F79EFBC}") = "SampleProject", "SampleProject\SampleProject.csproj", "{D5374955-B77F-4C54-B3DA-616723DDC5D8}"
EndProject
Project("{FAE04EC0-301F-11D3-BF4B-00C04F79EFBC}") = "Mairegger.Printing.Tests", "Mairegger.Printing.Test\Mairegger.Printing.Tests.csproj", "{5C6303B0-8F86-495B-A4FF-EAFB52849CE6}"
EndProject
Project("{2150E333-8FDC-42A3-9474-1A3956D46DE8}") = "Solution Items", "Solution Items", "{FD2A69EE-3F3D-42F2-AFCE-C641D715F9DF}"
	ProjectSection(SolutionItems) = preProject
		Directory.Build.props = Directory.Build.props
		..\version.json = ..\version.json
		..\.editorconfig = ..\.editorconfig
		Directory.Build.targets = Directory.Build.targets
		Directory.Packages.props = Directory.Packages.props
		..\README.md = ..\README.md
		Versions.props = Versions.props
	EndProjectSection
EndProject
Project("{2150E333-8FDC-42A3-9474-1A3956D46DE8}") = ".github", ".github", "{B6545556-5FF3-42A6-92F4-6B609468AE80}"
	ProjectSection(SolutionItems) = preProject
		..\.github\dependabot.yml = ..\.github\dependabot.yml
	EndProjectSection
EndProject
Project("{2150E333-8FDC-42A3-9474-1A3956D46DE8}") = "actions", "actions", "{94032B2D-96F4-4A31-A30C-D0FD6449980B}"
EndProject
Project("{2150E333-8FDC-42A3-9474-1A3956D46DE8}") = "build-and-test", "build-and-test", "{F5EE117F-3999-4F59-847E-64B9A98AE589}"
	ProjectSection(SolutionItems) = preProject
		..\.github\actions\build-and-test\action.yml = ..\.github\actions\build-and-test\action.yml
	EndProjectSection
EndProject
Project("{2150E333-8FDC-42A3-9474-1A3956D46DE8}") = "workflows", "workflows", "{1882D2FB-1D59-4E61-9B75-31DAF505CDE5}"
	ProjectSection(SolutionItems) = preProject
		..\.github\workflows\build.yml = ..\.github\workflows\build.yml
		..\.github\workflows\publish.yml = ..\.github\workflows\publish.yml
	EndProjectSection
EndProject
Global
	GlobalSection(SolutionConfigurationPlatforms) = preSolution
		Debug|Any CPU = Debug|Any CPU
		Release|Any CPU = Release|Any CPU
	EndGlobalSection
	GlobalSection(ProjectConfigurationPlatforms) = postSolution
		{0A7F0FD0-F7F4-415E-8494-E1CA351EF82F}.Debug|Any CPU.ActiveCfg = Debug|Any CPU
		{0A7F0FD0-F7F4-415E-8494-E1CA351EF82F}.Debug|Any CPU.Build.0 = Debug|Any CPU
		{0A7F0FD0-F7F4-415E-8494-E1CA351EF82F}.Release|Any CPU.ActiveCfg = Release|Any CPU
		{0A7F0FD0-F7F4-415E-8494-E1CA351EF82F}.Release|Any CPU.Build.0 = Release|Any CPU
		{D5374955-B77F-4C54-B3DA-616723DDC5D8}.Debug|Any CPU.ActiveCfg = Debug|Any CPU
		{D5374955-B77F-4C54-B3DA-616723DDC5D8}.Debug|Any CPU.Build.0 = Debug|Any CPU
		{D5374955-B77F-4C54-B3DA-616723DDC5D8}.Release|Any CPU.ActiveCfg = Release|Any CPU
		{D5374955-B77F-4C54-B3DA-616723DDC5D8}.Release|Any CPU.Build.0 = Release|Any CPU
		{5C6303B0-8F86-495B-A4FF-EAFB52849CE6}.Debug|Any CPU.ActiveCfg = Debug|Any CPU
		{5C6303B0-8F86-495B-A4FF-EAFB52849CE6}.Debug|Any CPU.Build.0 = Debug|Any CPU
		{5C6303B0-8F86-495B-A4FF-EAFB52849CE6}.Release|Any CPU.ActiveCfg = Release|Any CPU
		{5C6303B0-8F86-495B-A4FF-EAFB52849CE6}.Release|Any CPU.Build.0 = Release|Any CPU
	EndGlobalSection
	GlobalSection(SolutionProperties) = preSolution
		HideSolutionNode = FALSE
	EndGlobalSection
	GlobalSection(ExtensibilityGlobals) = postSolution
		SolutionGuid = {598A1AB2-360A-415C-A7DA-E0325C6D2E2B}
	EndGlobalSection
	GlobalSection(NestedProjects) = preSolution
		{B6545556-5FF3-42A6-92F4-6B609468AE80} = {FD2A69EE-3F3D-42F2-AFCE-C641D715F9DF}
		{94032B2D-96F4-4A31-A30C-D0FD6449980B} = {B6545556-5FF3-42A6-92F4-6B609468AE80}
		{F5EE117F-3999-4F59-847E-64B9A98AE589} = {94032B2D-96F4-4A31-A30C-D0FD6449980B}
		{1882D2FB-1D59-4E61-9B75-31DAF505CDE5} = {B6545556-5FF3-42A6-92F4-6B609468AE80}
	EndGlobalSection
EndGlobal
